
Microsoft Visual Studio Solution File, Format Version 12.00
# Visual Studio Version 17
VisualStudioVersion = 17.2.32422.2
MinimumVisualStudioVersion = 10.0.40219.1
Project("{9A19103F-16F7-4668-BE54-9A1E7A4F7556}") = "EDR.Collector.App", "EDR.Collector.App\EDR.Collector.App.csproj", "{C9530E3F-D621-4F6C-8685-99731B5F7F73}"
EndProject
Project("{9A19103F-16F7-4668-BE54-9A1E7A4F7556}") = "EDR.Collector.lib", "EDR.Collector.lib\EDR.Collector.lib.csproj", "{54189330-C4C2-4349-92AC-9E1C46CDC603}"
EndProject
Global
	GlobalSection(SolutionConfigurationPlatforms) = preSolution
		Debug|Any CPU = Debug|Any CPU
		Release|Any CPU = Release|Any CPU
	EndGlobalSection
	GlobalSection(ProjectConfigurationPlatforms) = postSolution
		{C9530E3F-D621-4F6C-8685-99731B5F7F73}.Debug|Any CPU.ActiveCfg = Debug|Any CPU
		{C9530E3F-D621-4F6C-8685-99731B5F7F73}.Debug|Any CPU.Build.0 = Debug|Any CPU
		{C9530E3F-D621-4F6C-8685-99731B5F7F73}.Release|Any CPU.ActiveCfg = Release|Any CPU
		{C9530E3F-D621-4F6C-8685-99731B5F7F73}.Release|Any CPU.Build.0 = Release|Any CPU
		{54189330-C4C2-4349-92AC-9E1C46CDC603}.Debug|Any CPU.ActiveCfg = Debug|Any CPU
		{54189330-C4C2-4349-92AC-9E1C46CDC603}.Debug|Any CPU.Build.0 = Debug|Any CPU
		{54189330-C4C2-4349-92AC-9E1C46CDC603}.Release|Any CPU.ActiveCfg = Release|Any CPU
		{54189330-C4C2-4349-92AC-9E1C46CDC603}.Release|Any CPU.Build.0 = Release|Any CPU
	EndGlobalSection
	GlobalSection(SolutionProperties) = preSolution
		HideSolutionNode = FALSE
	EndGlobalSection
	GlobalSection(ExtensibilityGlobals) = postSolution
		SolutionGuid = {C54D6742-132E-4479-816E-64105484D169}
	EndGlobalSection
EndGlobal
